
Microsoft Visual Studio Solution File, Format Version 12.00
# Visual Studio Version 16
VisualStudioVersion = 16.0.30104.148
MinimumVisualStudioVersion = 10.0.40219.1
Project("{FAE04EC0-301F-11D3-BF4B-00C04F79EFBC}") = "Z54 F1", "Z54 F1\Z54 F1.csproj", "{98E5D69B-2451-4F3B-8D2B-922ECC64CEFF}"
EndProject
Project("{FAE04EC0-301F-11D3-BF4B-00C04F79EFBC}") = "Z54 F3", "Z54 F3\Z54 F3.csproj", "{B0A3007A-8ECA-4CB9-BD14-63043FA66E7C}"
EndProject
Global
	GlobalSection(SolutionConfigurationPlatforms) = preSolution
		Debug|Any CPU = Debug|Any CPU
		Release|Any CPU = Release|Any CPU
	EndGlobalSection
	GlobalSection(ProjectConfigurationPlatforms) = postSolution
		{98E5D69B-2451-4F3B-8D2B-922ECC64CEFF}.Debug|Any CPU.ActiveCfg = Debug|Any CPU
		{98E5D69B-2451-4F3B-8D2B-922ECC64CEFF}.Debug|Any CPU.Build.0 = Debug|Any CPU
		{98E5D69B-2451-4F3B-8D2B-922ECC64CEFF}.Release|Any CPU.ActiveCfg = Release|Any CPU
		{98E5D69B-2451-4F3B-8D2B-922ECC64CEFF}.Release|Any CPU.Build.0 = Release|Any CPU
		{B0A3007A-8ECA-4CB9-BD14-63043FA66E7C}.Debug|Any CPU.ActiveCfg = Debug|Any CPU
		{B0A3007A-8ECA-4CB9-BD14-63043FA66E7C}.Debug|Any CPU.Build.0 = Debug|Any CPU
		{B0A3007A-8ECA-4CB9-BD14-63043FA66E7C}.Release|Any CPU.ActiveCfg = Release|Any CPU
		{B0A3007A-8ECA-4CB9-BD14-63043FA66E7C}.Release|Any CPU.Build.0 = Release|Any CPU
	EndGlobalSection
	GlobalSection(SolutionProperties) = preSolution
		HideSolutionNode = FALSE
	EndGlobalSection
	GlobalSection(ExtensibilityGlobals) = postSolution
		SolutionGuid = {165A7FAD-8154-42FD-A6D7-C81D1D5D3AB2}
	EndGlobalSection
EndGlobal
